
Microsoft Visual Studio Solution File, Format Version 12.00
# Visual Studio Version 17
VisualStudioVersion = 17.0.31903.59
MinimumVisualStudioVersion = 10.0.40219.1
Project("{FAE04EC0-301F-11D3-BF4B-00C04F79EFBC}") = "Jormungandr.Headless", "Jormungandr.Headless\Jormungandr.Headless.csproj", "{7D187BC9-70EB-4734-AA49-2D80AE7E8A53}"
EndProject
Project("{FAE04EC0-301F-11D3-BF4B-00C04F79EFBC}") = "Jormungandr.Avalonia", "Jormungandr.Avalonia\Jormungandr.Avalonia.csproj", "{E7617D9A-185B-482B-BE95-D8F0EB275707}"
EndProject
Project("{FAE04EC0-301F-11D3-BF4B-00C04F79EFBC}") = "Jormungandr", "Jormungandr\Jormungandr.csproj", "{BE2252A9-8510-468B-921C-66698C029BF8}"
EndProject
Project("{FAE04EC0-301F-11D3-BF4B-00C04F79EFBC}") = "Watersports.Compression", "Watersports.Compression\Watersports.Compression.csproj", "{63FCDCA8-8DD0-407B-AF21-771FE9E584BE}"
EndProject
Project("{FAE04EC0-301F-11D3-BF4B-00C04F79EFBC}") = "Jormungandr.CodeGen", "Jormungandr.CodeGen\Jormungandr.CodeGen.csproj", "{B6C94C36-CA86-473A-BD47-E2D4EB7CB704}"
EndProject
Global
	GlobalSection(SolutionConfigurationPlatforms) = preSolution
		Debug|Any CPU = Debug|Any CPU
		Release|Any CPU = Release|Any CPU
	EndGlobalSection
	GlobalSection(SolutionProperties) = preSolution
		HideSolutionNode = FALSE
	EndGlobalSection
	GlobalSection(ProjectConfigurationPlatforms) = postSolution
		{7D187BC9-70EB-4734-AA49-2D80AE7E8A53}.Debug|Any CPU.ActiveCfg = Debug|Any CPU
		{7D187BC9-70EB-4734-AA49-2D80AE7E8A53}.Debug|Any CPU.Build.0 = Debug|Any CPU
		{7D187BC9-70EB-4734-AA49-2D80AE7E8A53}.Release|Any CPU.ActiveCfg = Release|Any CPU
		{7D187BC9-70EB-4734-AA49-2D80AE7E8A53}.Release|Any CPU.Build.0 = Release|Any CPU
		{E7617D9A-185B-482B-BE95-D8F0EB275707}.Debug|Any CPU.ActiveCfg = Debug|Any CPU
		{E7617D9A-185B-482B-BE95-D8F0EB275707}.Debug|Any CPU.Build.0 = Debug|Any CPU
		{E7617D9A-185B-482B-BE95-D8F0EB275707}.Release|Any CPU.ActiveCfg = Release|Any CPU
		{E7617D9A-185B-482B-BE95-D8F0EB275707}.Release|Any CPU.Build.0 = Release|Any CPU
		{BE2252A9-8510-468B-921C-66698C029BF8}.Debug|Any CPU.ActiveCfg = Debug|Any CPU
		{BE2252A9-8510-468B-921C-66698C029BF8}.Debug|Any CPU.Build.0 = Debug|Any CPU
		{BE2252A9-8510-468B-921C-66698C029BF8}.Release|Any CPU.ActiveCfg = Release|Any CPU
		{BE2252A9-8510-468B-921C-66698C029BF8}.Release|Any CPU.Build.0 = Release|Any CPU
		{63FCDCA8-8DD0-407B-AF21-771FE9E584BE}.Debug|Any CPU.ActiveCfg = Debug|Any CPU
		{63FCDCA8-8DD0-407B-AF21-771FE9E584BE}.Debug|Any CPU.Build.0 = Debug|Any CPU
		{63FCDCA8-8DD0-407B-AF21-771FE9E584BE}.Release|Any CPU.ActiveCfg = Release|Any CPU
		{63FCDCA8-8DD0-407B-AF21-771FE9E584BE}.Release|Any CPU.Build.0 = Release|Any CPU
		{B6C94C36-CA86-473A-BD47-E2D4EB7CB704}.Debug|Any CPU.ActiveCfg = Debug|Any CPU
		{B6C94C36-CA86-473A-BD47-E2D4EB7CB704}.Debug|Any CPU.Build.0 = Debug|Any CPU
		{B6C94C36-CA86-473A-BD47-E2D4EB7CB704}.Release|Any CPU.ActiveCfg = Release|Any CPU
		{B6C94C36-CA86-473A-BD47-E2D4EB7CB704}.Release|Any CPU.Build.0 = Release|Any CPU
	EndGlobalSection
EndGlobal
